
Microsoft Visual Studio Solution File, Format Version 12.00
# Visual Studio Version 17
VisualStudioVersion = 17.8.34316.72
MinimumVisualStudioVersion = 10.0.40219.1
Project("{9A19103F-16F7-4668-BE54-9A1E7A4F7556}") = "CustomCADs.Core", "CustomCADs.Core\CustomCADs.Core.csproj", "{80B4560A-B2CC-438B-90C6-62FE1CDEC197}"
	ProjectSection(ProjectDependencies) = postProject
		{FD68ACFD-29B1-4F52-A7C9-5203DF60FE7C} = {FD68ACFD-29B1-4F52-A7C9-5203DF60FE7C}
	EndProjectSection
EndProject
Project("{9A19103F-16F7-4668-BE54-9A1E7A4F7556}") = "CustomCADs.Infrastructure", "CustomCADs.Infrastructure\CustomCADs.Infrastructure.csproj", "{FD68ACFD-29B1-4F52-A7C9-5203DF60FE7C}"
EndProject
Project("{9A19103F-16F7-4668-BE54-9A1E7A4F7556}") = "CustomCADs.App", "CustomCADs.App\CustomCADs.App.csproj", "{83A353B2-5F7E-495C-B411-6EBC003AB58C}"
EndProject
Project("{9A19103F-16F7-4668-BE54-9A1E7A4F7556}") = "CustomCADs.API", "CustomCADs.API\CustomCADs.API.csproj", "{2E7298D5-E4D2-4844-83FD-0467955C6C8B}"
EndProject
Project("{9A19103F-16F7-4668-BE54-9A1E7A4F7556}") = "CustomCADs.Tests", "CustomCADs.Tests\CustomCADs.Tests.csproj", "{7E65E744-A597-4042-A11F-9CC04B404E9D}"
EndProject
Project("{54A90642-561A-4BB1-A94E-469ADEE60C69}") = "customcads", "customcads\customcads.esproj", "{8E90CB15-C504-4DB7-9AFC-F0DBBD09627E}"
EndProject
Project("{9A19103F-16F7-4668-BE54-9A1E7A4F7556}") = "CustomCADs.Domain", "CustomCADs.Domain\CustomCADs.Domain.csproj", "{CBBE6C1C-CE41-4960-956C-BFE5765F3FFC}"
EndProject
Global
	GlobalSection(SolutionConfigurationPlatforms) = preSolution
		Debug|Any CPU = Debug|Any CPU
		Release|Any CPU = Release|Any CPU
	EndGlobalSection
	GlobalSection(ProjectConfigurationPlatforms) = postSolution
		{80B4560A-B2CC-438B-90C6-62FE1CDEC197}.Debug|Any CPU.ActiveCfg = Debug|Any CPU
		{80B4560A-B2CC-438B-90C6-62FE1CDEC197}.Debug|Any CPU.Build.0 = Debug|Any CPU
		{80B4560A-B2CC-438B-90C6-62FE1CDEC197}.Release|Any CPU.ActiveCfg = Release|Any CPU
		{80B4560A-B2CC-438B-90C6-62FE1CDEC197}.Release|Any CPU.Build.0 = Release|Any CPU
		{FD68ACFD-29B1-4F52-A7C9-5203DF60FE7C}.Debug|Any CPU.ActiveCfg = Debug|Any CPU
		{FD68ACFD-29B1-4F52-A7C9-5203DF60FE7C}.Debug|Any CPU.Build.0 = Debug|Any CPU
		{FD68ACFD-29B1-4F52-A7C9-5203DF60FE7C}.Release|Any CPU.ActiveCfg = Release|Any CPU
		{FD68ACFD-29B1-4F52-A7C9-5203DF60FE7C}.Release|Any CPU.Build.0 = Release|Any CPU
		{83A353B2-5F7E-495C-B411-6EBC003AB58C}.Debug|Any CPU.ActiveCfg = Debug|Any CPU
		{83A353B2-5F7E-495C-B411-6EBC003AB58C}.Debug|Any CPU.Build.0 = Debug|Any CPU
		{83A353B2-5F7E-495C-B411-6EBC003AB58C}.Release|Any CPU.ActiveCfg = Release|Any CPU
		{83A353B2-5F7E-495C-B411-6EBC003AB58C}.Release|Any CPU.Build.0 = Release|Any CPU
		{2E7298D5-E4D2-4844-83FD-0467955C6C8B}.Debug|Any CPU.ActiveCfg = Debug|Any CPU
		{2E7298D5-E4D2-4844-83FD-0467955C6C8B}.Debug|Any CPU.Build.0 = Debug|Any CPU
		{2E7298D5-E4D2-4844-83FD-0467955C6C8B}.Release|Any CPU.ActiveCfg = Release|Any CPU
		{2E7298D5-E4D2-4844-83FD-0467955C6C8B}.Release|Any CPU.Build.0 = Release|Any CPU
		{7E65E744-A597-4042-A11F-9CC04B404E9D}.Debug|Any CPU.ActiveCfg = Debug|Any CPU
		{7E65E744-A597-4042-A11F-9CC04B404E9D}.Debug|Any CPU.Build.0 = Debug|Any CPU
		{7E65E744-A597-4042-A11F-9CC04B404E9D}.Release|Any CPU.ActiveCfg = Release|Any CPU
		{7E65E744-A597-4042-A11F-9CC04B404E9D}.Release|Any CPU.Build.0 = Release|Any CPU
		{8E90CB15-C504-4DB7-9AFC-F0DBBD09627E}.Debug|Any CPU.ActiveCfg = Debug|Any CPU
		{8E90CB15-C504-4DB7-9AFC-F0DBBD09627E}.Debug|Any CPU.Build.0 = Debug|Any CPU
		{8E90CB15-C504-4DB7-9AFC-F0DBBD09627E}.Debug|Any CPU.Deploy.0 = Debug|Any CPU
		{8E90CB15-C504-4DB7-9AFC-F0DBBD09627E}.Release|Any CPU.ActiveCfg = Release|Any CPU
		{8E90CB15-C504-4DB7-9AFC-F0DBBD09627E}.Release|Any CPU.Build.0 = Release|Any CPU
		{8E90CB15-C504-4DB7-9AFC-F0DBBD09627E}.Release|Any CPU.Deploy.0 = Release|Any CPU
		{CBBE6C1C-CE41-4960-956C-BFE5765F3FFC}.Debug|Any CPU.ActiveCfg = Debug|Any CPU
		{CBBE6C1C-CE41-4960-956C-BFE5765F3FFC}.Debug|Any CPU.Build.0 = Debug|Any CPU
		{CBBE6C1C-CE41-4960-956C-BFE5765F3FFC}.Release|Any CPU.ActiveCfg = Release|Any CPU
		{CBBE6C1C-CE41-4960-956C-BFE5765F3FFC}.Release|Any CPU.Build.0 = Release|Any CPU
	EndGlobalSection
	GlobalSection(SolutionProperties) = preSolution
		HideSolutionNode = FALSE
	EndGlobalSection
	GlobalSection(ExtensibilityGlobals) = postSolution
		SolutionGuid = {B971A9E2-507B-44A0-9303-083627055B62}
	EndGlobalSection
EndGlobal
